github.com/google/uuid v1.6.0 h1:NIvaJDMOsjHA8n1jAhLSgzrAzy1Hgr+hNrb57e+94F0=
github.com/google/uuid v1.6.0/go.mod h1:TIyPZe4MgqvfeYDBFedMoGGpEw/LqOeaOT+nhxU+yHo=
github.com/swipegames/public-api/api/v1.0/core/types v1.7.0 h1:NoBLlO7g+Cv0MvLLX5OxGUwEL5R+FPwjSZwyUi5nmKo=
github.com/swipegames/public-api/api/v1.0/core/types v1.7.0/go.mod h1:ewTt4ILhDfixJC2DCqDdQ+CZJCDYhOfeZtyiNxwKXKg=
github.com/swipegames/public-api/api/v1.0/swipegames-integration/types v1.7.0 h1:h10fiQTqC5G78ZzuVHmmbOvQYMpTZ0LWU3VqNIi3JHo=
github.com/swipegames/public-api/api/v1.0/swipegames-integration/types v1.7.0/go.mod h1:G8bKu6HoIrAEnrPcyFSgrpKN2bensacP6xnBIOVzw4I=
